
Microsoft Visual Studio Solution File, Format Version 12.00
# Visual Studio Version 16
VisualStudioVersion = 16.0.29424.173
MinimumVisualStudioVersion = 10.0.40219.1
Project("{FAE04EC0-301F-11D3-BF4B-00C04F79EFBC}") = "CAS ERGOSUM", "CAS ERGOSUM\CAS ERGOSUM.csproj", "{615DFB7D-FB13-4283-B6EC-1FC9E948ABA7}"
EndProject
Global
	GlobalSection(SolutionConfigurationPlatforms) = preSolution
		Debug|Any CPU = Debug|Any CPU
		Release|Any CPU = Release|Any CPU
	EndGlobalSection
	GlobalSection(ProjectConfigurationPlatforms) = postSolution
		{615DFB7D-FB13-4283-B6EC-1FC9E948ABA7}.Debug|Any CPU.ActiveCfg = Debug|Any CPU
		{615DFB7D-FB13-4283-B6EC-1FC9E948ABA7}.Debug|Any CPU.Build.0 = Debug|Any CPU
		{615DFB7D-FB13-4283-B6EC-1FC9E948ABA7}.Release|Any CPU.ActiveCfg = Release|Any CPU
		{615DFB7D-FB13-4283-B6EC-1FC9E948ABA7}.Release|Any CPU.Build.0 = Release|Any CPU
	EndGlobalSection
	GlobalSection(SolutionProperties) = preSolution
		HideSolutionNode = FALSE
	EndGlobalSection
	GlobalSection(ExtensibilityGlobals) = postSolution
		SolutionGuid = {DD74069E-9859-49BB-99CD-B08D135C7328}
	EndGlobalSection
EndGlobal
